// !$*UTF8*$!
{
	archiveVersion = 1;
	classes = {
	};
	objectVersion = 50;
	objects = {

/* Begin PBXBuildFile section */
		9E2813DF210AB1A50024150E /* AppDelegate.swift in Sources */ = {isa = PBXBuildFile; fileRef = 9E2813DE210AB1A50024150E /* AppDelegate.swift */; };
		9E2813E1210AB1A50024150E /* ViewController.swift in Sources */ = {isa = PBXBuildFile; fileRef = 9E2813E0210AB1A50024150E /* ViewController.swift */; };
		9E2813E4210AB1A50024150E /* Main.storyboard in Resources */ = {isa = PBXBuildFile; fileRef = 9E2813E2210AB1A50024150E /* Main.storyboard */; };
		9E2813E7210AB1A50024150E /* Class.xcdatamodeld in Sources */ = {isa = PBXBuildFile; fileRef = 9E2813E5210AB1A50024150E /* Class.xcdatamodeld */; };
		9E2813E9210AB1A90024150E /* Assets.xcassets in Resources */ = {isa = PBXBuildFile; fileRef = 9E2813E8210AB1A90024150E /* Assets.xcassets */; };
		9E2813EC210AB1A90024150E /* LaunchScreen.storyboard in Resources */ = {isa = PBXBuildFile; fileRef = 9E2813EA210AB1A90024150E /* LaunchScreen.storyboard */; };
		9E2813F7210AB1A90024150E /* ClassTests.swift in Sources */ = {isa = PBXBuildFile; fileRef = 9E2813F6210AB1A90024150E /* ClassTests.swift */; };
		9E281402210AB1AA0024150E /* ClassUITests.swift in Sources */ = {isa = PBXBuildFile; fileRef = 9E281401210AB1AA0024150E /* ClassUITests.swift */; };
/* End PBXBuildFile section */

/* Begin PBXContainerItemProxy section */
		9E2813F3210AB1A90024150E /* PBXContainerItemProxy */ = {
			isa = PBXContainerItemProxy;
			containerPortal = 9E2813D3210AB1A50024150E /* Project object */;
			proxyType = 1;
			remoteGlobalIDString = 9E2813DA210AB1A50024150E;
			remoteInfo = Class;
		};
		9E2813FE210AB1AA0024150E /* PBXContainerItemProxy */ = {
			isa = PBXContainerItemProxy;
			containerPortal = 9E2813D3210AB1A50024150E /* Project object */;
			proxyType = 1;
			remoteGlobalIDString = 9E2813DA210AB1A50024150E;
			remoteInfo = Class;
		};
/* End PBXContainerItemProxy section */

/* Begin PBXFileReference section */
		9E2813DB210AB1A50024150E /* Class.app */ = {isa = PBXFileReference; explicitFileType = wrapper.application; includeInIndex = 0; path = Class.app; sourceTree = BUILT_PRODUCTS_DIR; };
		9E2813DE210AB1A50024150E /* AppDelegate.swift */ = {isa = PBXFileReference; lastKnownFileType = sourcecode.swift; path = AppDelegate.swift; sourceTree = "<group>"; };
		9E2813E0210AB1A50024150E /* ViewController.swift */ = {isa = PBXFileReference; lastKnownFileType = sourcecode.swift; path = ViewController.swift; sourceTree = "<group>"; };
		9E2813E3210AB1A50024150E /* Base */ = {isa = PBXFileReference; lastKnownFileType = file.storyboard; name = Base; path = Base.lproj/Main.storyboard; sourceTree = "<group>"; };
		9E2813E6210AB1A50024150E /* Class.xcdatamodel */ = {isa = PBXFileReference; lastKnownFileType = wrapper.xcdatamodel; path = Class.xcdatamodel; sourceTree = "<group>"; };
		9E2813E8210AB1A90024150E /* Assets.xcassets */ = {isa = PBXFileReference; lastKnownFileType = folder.assetcatalog; path = Assets.xcassets; sourceTree = "<group>"; };
		9E2813EB210AB1A90024150E /* Base */ = {isa = PBXFileReference; lastKnownFileType = file.storyboard; name = Base; path = Base.lproj/LaunchScreen.storyboard; sourceTree = "<group>"; };
		9E2813ED210AB1A90024150E /* Info.plist */ = {isa = PBXFileReference; lastKnownFileType = text.plist.xml; path = Info.plist; sourceTree = "<group>"; };
		9E2813F2210AB1A90024150E /* ClassTests.xctest */ = {isa = PBXFileReference; explicitFileType = wrapper.cfbundle; includeInIndex = 0; path = ClassTests.xctest; sourceTree = BUILT_PRODUCTS_DIR; };
		9E2813F6210AB1A90024150E /* ClassTests.swift */ = {isa = PBXFileReference; lastKnownFileType = sourcecode.swift; path = ClassTests.swift; sourceTree = "<group>"; };
		9E2813F8210AB1A90024150E /* Info.plist */ = {isa = PBXFileReference; lastKnownFileType = text.plist.xml; path = Info.plist; sourceTree = "<group>"; };
		9E2813FD210AB1AA0024150E /* ClassUITests.xctest */ = {isa = PBXFileReference; explicitFileType = wrapper.cfbundle; includeInIndex = 0; path = ClassUITests.xctest; sourceTree = BUILT_PRODUCTS_DIR; };
		9E281401210AB1AA0024150E /* ClassUITests.swift */ = {isa = PBXFileReference; lastKnownFileType = sourcecode.swift; path = ClassUITests.swift; sourceTree = "<group>"; };
		9E281403210AB1AA0024150E /* Info.plist */ = {isa = PBXFileReference; lastKnownFileType = text.plist.xml; path = Info.plist; sourceTree = "<group>"; };
/* End PBXFileReference section */

/* Begin PBXFrameworksBuildPhase section */
		9E2813D8210AB1A50024150E /* Frameworks */ = {
			isa = PBXFrameworksBuildPhase;
			buildActionMask = 2147483647;
			files = (
			);
			runOnlyForDeploymentPostprocessing = 0;
		};
		9E2813EF210AB1A90024150E /* Frameworks */ = {
			isa = PBXFrameworksBuildPhase;
			buildActionMask = 2147483647;
			files = (
			);
			runOnlyForDeploymentPostprocessing = 0;
		};
		9E2813FA210AB1AA0024150E /* Frameworks */ = {
			isa = PBXFrameworksBuildPhase;
			buildActionMask = 2147483647;
			files = (
			);
			runOnlyForDeploymentPostprocessing = 0;
		};
/* End PBXFrameworksBuildPhase section */

/* Begin PBXGroup section */
		9E2813D2210AB1A50024150E = {
			isa = PBXGroup;
			children = (
				9E2813DD210AB1A50024150E /* Class */,
				9E2813F5210AB1A90024150E /* ClassTests */,
				9E281400210AB1AA0024150E /* ClassUITests */,
				9E2813DC210AB1A50024150E /* Products */,
			);
			sourceTree = "<group>";
		};
		9E2813DC210AB1A50024150E /* Products */ = {
			isa = PBXGroup;
			children = (
				9E2813DB210AB1A50024150E /* Class.app */,
				9E2813F2210AB1A90024150E /* ClassTests.xctest */,
				9E2813FD210AB1AA0024150E /* ClassUITests.xctest */,
			);
			name = Products;
			sourceTree = "<group>";
		};
		9E2813DD210AB1A50024150E /* Class */ = {
			isa = PBXGroup;
			children = (
				9E2813DE210AB1A50024150E /* AppDelegate.swift */,
				9E2813E0210AB1A50024150E /* ViewController.swift */,
				9E2813E2210AB1A50024150E /* Main.storyboard */,
				9E2813E8210AB1A90024150E /* Assets.xcassets */,
				9E2813EA210AB1A90024150E /* LaunchScreen.storyboard */,
				9E2813ED210AB1A90024150E /* Info.plist */,
				9E2813E5210AB1A50024150E /* Class.xcdatamodeld */,
			);
			path = Class;
			sourceTree = "<group>";
		};
		9E2813F5210AB1A90024150E /* ClassTests */ = {
			isa = PBXGroup;
			children = (
				9E2813F6210AB1A90024150E /* ClassTests.swift */,
				9E2813F8210AB1A90024150E /* Info.plist */,
			);
			path = ClassTests;
			sourceTree = "<group>";
		};
		9E281400210AB1AA0024150E /* ClassUITests */ = {
			isa = PBXGroup;
			children = (
				9E281401210AB1AA0024150E /* ClassUITests.swift */,
				9E281403210AB1AA0024150E /* Info.plist */,
			);
			path = ClassUITests;
			sourceTree = "<group>";
		};
/* End PBXGroup section */

/* Begin PBXNativeTarget section */
		9E2813DA210AB1A50024150E /* Class */ = {
			isa = PBXNativeTarget;
			buildConfigurationList = 9E281406210AB1AA0024150E /* Build configuration list for PBXNativeTarget "Class" */;
			buildPhases = (
				9E2813D7210AB1A50024150E /* Sources */,
				9E2813D8210AB1A50024150E /* Frameworks */,
				9E2813D9210AB1A50024150E /* Resources */,
			);
			buildRules = (
			);
			dependencies = (
			);
			name = Class;
			productName = Class;
			productReference = 9E2813DB210AB1A50024150E /* Class.app */;
			productType = "com.apple.product-type.application";
		};
		9E2813F1210AB1A90024150E /* ClassTests */ = {
			isa = PBXNativeTarget;
			buildConfigurationList = 9E281409210AB1AA0024150E /* Build configuration list for PBXNativeTarget "ClassTests" */;
			buildPhases = (
				9E2813EE210AB1A90024150E /* Sources */,
				9E2813EF210AB1A90024150E /* Frameworks */,
				9E2813F0210AB1A90024150E /* Resources */,
			);
			buildRules = (
			);
			dependencies = (
				9E2813F4210AB1A90024150E /* PBXTargetDependency */,
			);
			name = ClassTests;
			productName = ClassTests;
			productReference = 9E2813F2210AB1A90024150E /* ClassTests.xctest */;
			productType = "com.apple.product-type.bundle.unit-test";
		};
		9E2813FC210AB1AA0024150E /* ClassUITests */ = {
			isa = PBXNativeTarget;
			buildConfigurationList = 9E28140C210AB1AA0024150E /* Build configuration list for PBXNativeTarget "ClassUITests" */;
			buildPhases = (
				9E2813F9210AB1AA0024150E /* Sources */,
				9E2813FA210AB1AA0024150E /* Frameworks */,
				9E2813FB210AB1AA0024150E /* Resources */,
			);
			buildRules = (
			);
			dependencies = (
				9E2813FF210AB1AA0024150E /* PBXTargetDependency */,
			);
			name = ClassUITests;
			productName = ClassUITests;
			productReference = 9E2813FD210AB1AA0024150E /* ClassUITests.xctest */;
			productType = "com.apple.product-type.bundle.ui-testing";
		};
/* End PBXNativeTarget section */

/* Begin PBXProject section */
		9E2813D3210AB1A50024150E /* Project object */ = {
			isa = PBXProject;
			attributes = {
				LastSwiftUpdateCheck = 0940;
				LastUpgradeCheck = 0940;
				ORGANIZATIONNAME = "선민승";
				TargetAttributes = {
					9E2813DA210AB1A50024150E = {
						CreatedOnToolsVersion = 9.4.1;
					};
					9E2813F1210AB1A90024150E = {
						CreatedOnToolsVersion = 9.4.1;
						TestTargetID = 9E2813DA210AB1A50024150E;
					};
					9E2813FC210AB1AA0024150E = {
						CreatedOnToolsVersion = 9.4.1;
						TestTargetID = 9E2813DA210AB1A50024150E;
					};
				};
			};
			buildConfigurationList = 9E2813D6210AB1A50024150E /* Build configuration list for PBXProject "Class" */;
			compatibilityVersion = "Xcode 9.3";
			developmentRegion = en;
			hasScannedForEncodings = 0;
			knownRegions = (
				en,
				Base,
			);
			mainGroup = 9E2813D2210AB1A50024150E;
			productRefGroup = 9E2813DC210AB1A50024150E /* Products */;
			projectDirPath = "";
			projectRoot = "";
			targets = (
				9E2813DA210AB1A50024150E /* Class */,
				9E2813F1210AB1A90024150E /* ClassTests */,
				9E2813FC210AB1AA0024150E /* ClassUITests */,
			);
		};
/* End PBXProject section */

/* Begin PBXResourcesBuildPhase section */
		9E2813D9210AB1A50024150E /* Resources */ = {
			isa = PBXResourcesBuildPhase;
			buildActionMask = 2147483647;
			files = (
				9E2813EC210AB1A90024150E /* LaunchScreen.storyboard in Resources */,
				9E2813E9210AB1A90024150E /* Assets.xcassets in Resources */,
				9E2813E4210AB1A50024150E /* Main.storyboard in Resources */,
			);
			runOnlyForDeploymentPostprocessing = 0;
		};
		9E2813F0210AB1A90024150E /* Resources */ = {
			isa = PBXResourcesBuildPhase;
			buildActionMask = 2147483647;
			files = (
			);
			runOnlyForDeploymentPostprocessing = 0;
		};
		9E2813FB210AB1AA0024150E /* Resources */ = {
			isa = PBXResourcesBuildPhase;
			buildActionMask = 2147483647;
			files = (
			);
			runOnlyForDeploymentPostprocessing = 0;
		};
/* End PBXResourcesBuildPhase section */

/* Begin PBXSourcesBuildPhase section */
		9E2813D7210AB1A50024150E /* Sources */ = {
			isa = PBXSourcesBuildPhase;
			buildActionMask = 2147483647;
			files = (
				9E2813E7210AB1A50024150E /* Class.xcdatamodeld in Sources */,
				9E2813E1210AB1A50024150E /* ViewController.swift in Sources */,
				9E2813DF210AB1A50024150E /* AppDelegate.swift in Sources */,
			);
			runOnlyForDeploymentPostprocessing = 0;
		};
		9E2813EE210AB1A90024150E /* Sources */ = {
			isa = PBXSourcesBuildPhase;
			buildActionMask = 2147483647;
			files = (
				9E2813F7210AB1A90024150E /* ClassTests.swift in Sources */,
			);
			runOnlyForDeploymentPostprocessing = 0;
		};
		9E2813F9210AB1AA0024150E /* Sources */ = {
			isa = PBXSourcesBuildPhase;
			buildActionMask = 2147483647;
			files = (
				9E281402210AB1AA0024150E /* ClassUITests.swift in Sources */,
			);
			runOnlyForDeploymentPostprocessing = 0;
		};
/* End PBXSourcesBuildPhase section */

/* Begin PBXTargetDependency section */
		9E2813F4210AB1A90024150E /* PBXTargetDependency */ = {
			isa = PBXTargetDependency;
			target = 9E2813DA210AB1A50024150E /* Class */;
			targetProxy = 9E2813F3210AB1A90024150E /* PBXContainerItemProxy */;
		};
		9E2813FF210AB1AA0024150E /* PBXTargetDependency */ = {
			isa = PBXTargetDependency;
			target = 9E2813DA210AB1A50024150E /* Class */;
			targetProxy = 9E2813FE210AB1AA0024150E /* PBXContainerItemProxy */;
		};
/* End PBXTargetDependency section */

/* Begin PBXVariantGroup section */
		9E2813E2210AB1A50024150E /* Main.storyboard */ = {
			isa = PBXVariantGroup;
			children = (
				9E2813E3210AB1A50024150E /* Base */,
			);
			name = Main.storyboard;
			sourceTree = "<group>";
		};
		9E2813EA210AB1A90024150E /* LaunchScreen.storyboard */ = {
			isa = PBXVariantGroup;
			children = (
				9E2813EB210AB1A90024150E /* Base */,
			);
			name = LaunchScreen.storyboard;
			sourceTree = "<group>";
		};
/* End PBXVariantGroup section */

/* Begin XCBuildConfiguration section */
		9E281404210AB1AA0024150E /* Debug */ = {
			isa = XCBuildConfiguration;
			buildSettings = {
				ALWAYS_SEARCH_USER_PATHS = NO;
				CLANG_ANALYZER_NONNULL = YES;
				CLANG_ANALYZER_NUMBER_OBJECT_CONVERSION = YES_AGGRESSIVE;
				CLANG_CXX_LANGUAGE_STANDARD = "gnu++14";
				CLANG_CXX_LIBRARY = "libc++";
				CLANG_ENABLE_MODULES = YES;
				CLANG_ENABLE_OBJC_ARC = YES;
				CLANG_ENABLE_OBJC_WEAK = YES;
				CLANG_WARN_BLOCK_CAPTURE_AUTORELEASING = YES;
				CLANG_WARN_BOOL_CONVERSION = YES;
				CLANG_WARN_COMMA = YES;
				CLANG_WARN_CONSTANT_CONVERSION = YES;
				CLANG_WARN_DEPRECATED_OBJC_IMPLEMENTATIONS = YES;
				CLANG_WARN_DIRECT_OBJC_ISA_USAGE = YES_ERROR;
				CLANG_WARN_DOCUMENTATION_COMMENTS = YES;
				CLANG_WARN_EMPTY_BODY = YES;
				CLANG_WARN_ENUM_CONVERSION = YES;
				CLANG_WARN_INFINITE_RECURSION = YES;
				CLANG_WARN_INT_CONVERSION = YES;
				CLANG_WARN_NON_LITERAL_NULL_CONVERSION = YES;
				CLANG_WARN_OBJC_IMPLICIT_RETAIN_SELF = YES;
				CLANG_WARN_OBJC_LITERAL_CONVERSION = YES;
				CLANG_WARN_OBJC_ROOT_CLASS = YES_ERROR;
				CLANG_WARN_RANGE_LOOP_ANALYSIS = YES;
				CLANG_WARN_STRICT_PROTOTYPES = YES;
				CLANG_WARN_SUSPICIOUS_MOVE = YES;
				CLANG_WARN_UNGUARDED_AVAILABILITY = YES_AGGRESSIVE;
				CLANG_WARN_UNREACHABLE_CODE = YES;
				CLANG_WARN__DUPLICATE_METHOD_MATCH = YES;
				CODE_SIGN_IDENTITY = "iPhone Developer";
				COPY_PHASE_STRIP = NO;
				DEBUG_INFORMATION_FORMAT = dwarf;
				ENABLE_STRICT_OBJC_MSGSEND = YES;
				ENABLE_TESTABILITY = YES;
				GCC_C_LANGUAGE_STANDARD = gnu11;
				GCC_DYNAMIC_NO_PIC = NO;
				GCC_NO_COMMON_BLOCKS = YES;
				GCC_OPTIMIZATION_LEVEL = 0;
				GCC_PREPROCESSOR_DEFINITIONS = (
					"DEBUG=1",
					"$(inherited)",
				);
				GCC_WARN_64_TO_32_BIT_CONVERSION = YES;
				GCC_WARN_ABOUT_RETURN_TYPE = YES_ERROR;
				GCC_WARN_UNDECLARED_SELECTOR = YES;
				GCC_WARN_UNINITIALIZED_AUTOS = YES_AGGRESSIVE;
				GCC_WARN_UNUSED_FUNCTION = YES;
				GCC_WARN_UNUSED_VARIABLE = YES;
				IPHONEOS_DEPLOYMENT_TARGET = 11.4;
				MTL_ENABLE_DEBUG_INFO = YES;
				ONLY_ACTIVE_ARCH = YES;
				SDKROOT = iphoneos;
				SWIFT_ACTIVE_COMPILATION_CONDITIONS = DEBUG;
				SWIFT_OPTIMIZATION_LEVEL = "-Onone";
			};
			name = Debug;
		};
		9E281405210AB1AA0024150E /* Release */ = {
			isa = XCBuildConfiguration;
			buildSettings = {
				ALWAYS_SEARCH_USER_PATHS = NO;
				CLANG_ANALYZER_NONNULL = YES;
				CLANG_ANALYZER_NUMBER_OBJECT_CONVERSION = YES_AGGRESSIVE;
				CLANG_CXX_LANGUAGE_STANDARD = "gnu++14";
				CLANG_CXX_LIBRARY = "libc++";
				CLANG_ENABLE_MODULES = YES;
				CLANG_ENABLE_OBJC_ARC = YES;
				CLANG_ENABLE_OBJC_WEAK = YES;
				CLANG_WARN_BLOCK_CAPTURE_AUTORELEASING = YES;
				CLANG_WARN_BOOL_CONVERSION = YES;
				CLANG_WARN_COMMA = YES;
				CLANG_WARN_CONSTANT_CONVERSION = YES;
				CLANG_WARN_DEPRECATED_OBJC_IMPLEMENTATIONS = YES;
				CLANG_WARN_DIRECT_OBJC_ISA_USAGE = YES_ERROR;
				CLANG_WARN_DOCUMENTATION_COMMENTS = YES;
				CLANG_WARN_EMPTY_BODY = YES;
				CLANG_WARN_ENUM_CONVERSION = YES;
				CLANG_WARN_INFINITE_RECURSION = YES;
				CLANG_WARN_INT_CONVERSION = YES;
				CLANG_WARN_NON_LITERAL_NULL_CONVERSION = YES;
				CLANG_WARN_OBJC_IMPLICIT_RETAIN_SELF = YES;
				CLANG_WARN_OBJC_LITERAL_CONVERSION = YES;
				CLANG_WARN_OBJC_ROOT_CLASS = YES_ERROR;
				CLANG_WARN_RANGE_LOOP_ANALYSIS = YES;
				CLANG_WARN_STRICT_PROTOTYPES = YES;
				CLANG_WARN_SUSPICIOUS_MOVE = YES;
				CLANG_WARN_UNGUARDED_AVAILABILITY = YES_AGGRESSIVE;
				CLANG_WARN_UNREACHABLE_CODE = YES;
				CLANG_WARN__DUPLICATE_METHOD_MATCH = YES;
				CODE_SIGN_IDENTITY = "iPhone Developer";
				COPY_PHASE_STRIP = NO;
				DEBUG_INFORMATION_FORMAT = "dwarf-with-dsym";
				ENABLE_NS_ASSERTIONS = NO;
				ENABLE_STRICT_OBJC_MSGSEND = YES;
				GCC_C_LANGUAGE_STANDARD = gnu11;
				GCC_NO_COMMON_BLOCKS = YES;
				GCC_WARN_64_TO_32_BIT_CONVERSION = YES;
				GCC_WARN_ABOUT_RETURN_TYPE = YES_ERROR;
				GCC_WARN_UNDECLARED_SELECTOR = YES;
				GCC_WARN_UNINITIALIZED_AUTOS = YES_AGGRESSIVE;
				GCC_WARN_UNUSED_FUNCTION = YES;
				GCC_WARN_UNUSED_VARIABLE = YES;
				IPHONEOS_DEPLOYMENT_TARGET = 11.4;
				MTL_ENABLE_DEBUG_INFO = NO;
				SDKROOT = iphoneos;
				SWIFT_COMPILATION_MODE = wholemodule;
				SWIFT_OPTIMIZATION_LEVEL = "-O";
				VALIDATE_PRODUCT = YES;
			};
			name = Release;
		};
		9E281407210AB1AA0024150E /* Debug */ = {
			isa = XCBuildConfiguration;
			buildSettings = {
				ASSETCATALOG_COMPILER_APPICON_NAME = AppIcon;
				CODE_SIGN_STYLE = Automatic;
				DEVELOPMENT_TEAM = WFRFQ5S6AR;
				INFOPLIST_FILE = Class/Info.plist;
				LD_RUNPATH_SEARCH_PATHS = (
					"$(inherited)",
					"@executable_path/Frameworks",
				);
				PRODUCT_BUNDLE_IDENTIFIER = BabeApple.Class;
				PRODUCT_NAME = "$(TARGET_NAME)";
				SWIFT_VERSION = 4.0;
				TARGETED_DEVICE_FAMILY = "1,2";
			};
			name = Debug;
		};
		9E281408210AB1AA0024150E /* Release */ = {
			isa = XCBuildConfiguration;
			buildSettings = {
				ASSETCATALOG_COMPILER_APPICON_NAME = AppIcon;
				CODE_SIGN_STYLE = Automatic;
				DEVELOPMENT_TEAM = WFRFQ5S6AR;
				INFOPLIST_FILE = Class/Info.plist;
				LD_RUNPATH_SEARCH_PATHS = (
					"$(inherited)",
					"@executable_path/Frameworks",
				);
				PRODUCT_BUNDLE_IDENTIFIER = BabeApple.Class;
				PRODUCT_NAME = "$(TARGET_NAME)";
				SWIFT_VERSION = 4.0;
				TARGETED_DEVICE_FAMILY = "1,2";
			};
			name = Release;
		};
		9E28140A210AB1AA0024150E /* Debug */ = {
			isa = XCBuildConfiguration;
			buildSettings = {
				ALWAYS_EMBED_SWIFT_STANDARD_LIBRARIES = YES;
				BUNDLE_LOADER = "$(TEST_HOST)";
				CODE_SIGN_STYLE = Automatic;
				DEVELOPMENT_TEAM = WFRFQ5S6AR;
				INFOPLIST_FILE = ClassTests/Info.plist;
				LD_RUNPATH_SEARCH_PATHS = (
					"$(inherited)",
					"@executable_path/Frameworks",
					"@loader_path/Frameworks",
				);
				PRODUCT_BUNDLE_IDENTIFIER = BabeApple.ClassTests;
				PRODUCT_NAME = "$(TARGET_NAME)";
				SWIFT_VERSION = 4.0;
				TARGETED_DEVICE_FAMILY = "1,2";
				TEST_HOST = "$(BUILT_PRODUCTS_DIR)/Class.app/Class";
			};
			name = Debug;
		};
		9E28140B210AB1AA0024150E /* Release */ = {
			isa = XCBuildConfiguration;
			buildSettings = {
				ALWAYS_EMBED_SWIFT_STANDARD_LIBRARIES = YES;
				BUNDLE_LOADER = "$(TEST_HOST)";
				CODE_SIGN_STYLE = Automatic;
				DEVELOPMENT_TEAM = WFRFQ5S6AR;
				INFOPLIST_FILE = ClassTests/Info.plist;
				LD_RUNPATH_SEARCH_PATHS = (
					"$(inherited)",
					"@executable_path/Frameworks",
					"@loader_path/Frameworks",
				);
				PRODUCT_BUNDLE_IDENTIFIER = BabeApple.ClassTests;
				PRODUCT_NAME = "$(TARGET_NAME)";
				SWIFT_VERSION = 4.0;
				TARGETED_DEVICE_FAMILY = "1,2";
				TEST_HOST = "$(BUILT_PRODUCTS_DIR)/Class.app/Class";
			};
			name = Release;
		};
		9E28140D210AB1AA0024150E /* Debug */ = {
			isa = XCBuildConfiguration;
			buildSettings = {
				ALWAYS_EMBED_SWIFT_STANDARD_LIBRARIES = YES;
				CODE_SIGN_STYLE = Automatic;
				DEVELOPMENT_TEAM = WFRFQ5S6AR;
				INFOPLIST_FILE = ClassUITests/Info.plist;
				LD_RUNPATH_SEARCH_PATHS = (
					"$(inherited)",
					"@executable_path/Frameworks",
					"@loader_path/Frameworks",
				);
				PRODUCT_BUNDLE_IDENTIFIER = BabeApple.ClassUITests;
				PRODUCT_NAME = "$(TARGET_NAME)";
				SWIFT_VERSION = 4.0;
				TARGETED_DEVICE_FAMILY = "1,2";
				TEST_TARGET_NAME = Class;
			};
			name = Debug;
		};
		9E28140E210AB1AA0024150E /* Release */ = {
			isa = XCBuildConfiguration;
			buildSettings = {
				ALWAYS_EMBED_SWIFT_STANDARD_LIBRARIES = YES;
				CODE_SIGN_STYLE = Automatic;
				DEVELOPMENT_TEAM = WFRFQ5S6AR;
				INFOPLIST_FILE = ClassUITests/Info.plist;
				LD_RUNPATH_SEARCH_PATHS = (
					"$(inherited)",
					"@executable_path/Frameworks",
					"@loader_path/Frameworks",
				);
				PRODUCT_BUNDLE_IDENTIFIER = BabeApple.ClassUITests;
				PRODUCT_NAME = "$(TARGET_NAME)";
				SWIFT_VERSION = 4.0;
				TARGETED_DEVICE_FAMILY = "1,2";
				TEST_TARGET_NAME = Class;
			};
			name = Release;
		};
/* End XCBuildConfiguration section */

/* Begin XCConfigurationList section */
		9E2813D6210AB1A50024150E /* Build configuration list for PBXProject "Class" */ = {
			isa = XCConfigurationList;
			buildConfigurations = (
				9E281404210AB1AA0024150E /* Debug */,
				9E281405210AB1AA0024150E /* Release */,
			);
			defaultConfigurationIsVisible = 0;
			defaultConfigurationName = Release;
		};
		9E281406210AB1AA0024150E /* Build configuration list for PBXNativeTarget "Class" */ = {
			isa = XCConfigurationList;
			buildConfigurations = (
				9E281407210AB1AA0024150E /* Debug */,
				9E281408210AB1AA0024150E /* Release */,
			);
			defaultConfigurationIsVisible = 0;
			defaultConfigurationName = Release;
		};
		9E281409210AB1AA0024150E /* Build configuration list for PBXNativeTarget "ClassTests" */ = {
			isa = XCConfigurationList;
			buildConfigurations = (
				9E28140A210AB1AA0024150E /* Debug */,
				9E28140B210AB1AA0024150E /* Release */,
			);
			defaultConfigurationIsVisible = 0;
			defaultConfigurationName = Release;
		};
		9E28140C210AB1AA0024150E /* Build configuration list for PBXNativeTarget "ClassUITests" */ = {
			isa = XCConfigurationList;
			buildConfigurations = (
				9E28140D210AB1AA0024150E /* Debug */,
				9E28140E210AB1AA0024150E /* Release */,
			);
			defaultConfigurationIsVisible = 0;
			defaultConfigurationName = Release;
		};
/* End XCConfigurationList section */

/* Begin XCVersionGroup section */
		9E2813E5210AB1A50024150E /* Class.xcdatamodeld */ = {
			isa = XCVersionGroup;
			children = (
				9E2813E6210AB1A50024150E /* Class.xcdatamodel */,
			);
			currentVersion = 9E2813E6210AB1A50024150E /* Class.xcdatamodel */;
			path = Class.xcdatamodeld;
			sourceTree = "<group>";
			versionGroupType = wrapper.xcdatamodel;
		};
/* End XCVersionGroup section */
	};
	rootObject = 9E2813D3210AB1A50024150E /* Project object */;
}
